
Microsoft Visual Studio Solution File, Format Version 12.00
# Visual Studio Version 17
VisualStudioVersion = 17.12.35527.113
MinimumVisualStudioVersion = 10.0.40219.1
Project("{FAE04EC0-301F-11D3-BF4B-00C04F79EFBC}") = "NETX", "NETX\NETX.csproj", "{4EF3092B-CCB5-4B0C-971C-8392B505E283}"
EndProject
Project("{FAE04EC0-301F-11D3-BF4B-00C04F79EFBC}") = "NETX.Services", "NETX.Services\NETX.Services.csproj", "{98C638E8-36DC-4BF5-8047-613EF5808702}"
EndProject
Project("{FAE04EC0-301F-11D3-BF4B-00C04F79EFBC}") = "NETX.Common", "NETX.Common\NETX.Common.csproj", "{45EAB8B7-3D0B-45F1-8C04-316CA0D3A45A}"
EndProject
Project("{FAE04EC0-301F-11D3-BF4B-00C04F79EFBC}") = "NETX.Core", "NETX.Core\NETX.Core.csproj", "{F067CB7C-8EDE-4D9A-8B92-D9D7085EC8BF}"
EndProject
Global
	GlobalSection(SolutionConfigurationPlatforms) = preSolution
		Debug|Any CPU = Debug|Any CPU
		Debug|x64 = Debug|x64
		Release|Any CPU = Release|Any CPU
		Release|x64 = Release|x64
	EndGlobalSection
	GlobalSection(ProjectConfigurationPlatforms) = postSolution
		{4EF3092B-CCB5-4B0C-971C-8392B505E283}.Debug|Any CPU.ActiveCfg = Debug|Any CPU
		{4EF3092B-CCB5-4B0C-971C-8392B505E283}.Debug|Any CPU.Build.0 = Debug|Any CPU
		{4EF3092B-CCB5-4B0C-971C-8392B505E283}.Debug|x64.ActiveCfg = Debug|x64
		{4EF3092B-CCB5-4B0C-971C-8392B505E283}.Debug|x64.Build.0 = Debug|x64
		{4EF3092B-CCB5-4B0C-971C-8392B505E283}.Release|Any CPU.ActiveCfg = Release|Any CPU
		{4EF3092B-CCB5-4B0C-971C-8392B505E283}.Release|Any CPU.Build.0 = Release|Any CPU
		{4EF3092B-CCB5-4B0C-971C-8392B505E283}.Release|x64.ActiveCfg = Release|x64
		{4EF3092B-CCB5-4B0C-971C-8392B505E283}.Release|x64.Build.0 = Release|x64
		{98C638E8-36DC-4BF5-8047-613EF5808702}.Debug|Any CPU.ActiveCfg = Debug|Any CPU
		{98C638E8-36DC-4BF5-8047-613EF5808702}.Debug|Any CPU.Build.0 = Debug|Any CPU
		{98C638E8-36DC-4BF5-8047-613EF5808702}.Debug|x64.ActiveCfg = Debug|x64
		{98C638E8-36DC-4BF5-8047-613EF5808702}.Debug|x64.Build.0 = Debug|x64
		{98C638E8-36DC-4BF5-8047-613EF5808702}.Release|Any CPU.ActiveCfg = Release|Any CPU
		{98C638E8-36DC-4BF5-8047-613EF5808702}.Release|Any CPU.Build.0 = Release|Any CPU
		{98C638E8-36DC-4BF5-8047-613EF5808702}.Release|x64.ActiveCfg = Release|x64
		{98C638E8-36DC-4BF5-8047-613EF5808702}.Release|x64.Build.0 = Release|x64
		{45EAB8B7-3D0B-45F1-8C04-316CA0D3A45A}.Debug|Any CPU.ActiveCfg = Debug|Any CPU
		{45EAB8B7-3D0B-45F1-8C04-316CA0D3A45A}.Debug|Any CPU.Build.0 = Debug|Any CPU
		{45EAB8B7-3D0B-45F1-8C04-316CA0D3A45A}.Debug|x64.ActiveCfg = Debug|x64
		{45EAB8B7-3D0B-45F1-8C04-316CA0D3A45A}.Debug|x64.Build.0 = Debug|x64
		{45EAB8B7-3D0B-45F1-8C04-316CA0D3A45A}.Release|Any CPU.ActiveCfg = Release|Any CPU
		{45EAB8B7-3D0B-45F1-8C04-316CA0D3A45A}.Release|Any CPU.Build.0 = Release|Any CPU
		{45EAB8B7-3D0B-45F1-8C04-316CA0D3A45A}.Release|x64.ActiveCfg = Release|x64
		{45EAB8B7-3D0B-45F1-8C04-316CA0D3A45A}.Release|x64.Build.0 = Release|x64
		{F067CB7C-8EDE-4D9A-8B92-D9D7085EC8BF}.Debug|Any CPU.ActiveCfg = Debug|Any CPU
		{F067CB7C-8EDE-4D9A-8B92-D9D7085EC8BF}.Debug|Any CPU.Build.0 = Debug|Any CPU
		{F067CB7C-8EDE-4D9A-8B92-D9D7085EC8BF}.Debug|x64.ActiveCfg = Debug|x64
		{F067CB7C-8EDE-4D9A-8B92-D9D7085EC8BF}.Debug|x64.Build.0 = Debug|x64
		{F067CB7C-8EDE-4D9A-8B92-D9D7085EC8BF}.Release|Any CPU.ActiveCfg = Release|Any CPU
		{F067CB7C-8EDE-4D9A-8B92-D9D7085EC8BF}.Release|Any CPU.Build.0 = Release|Any CPU
		{F067CB7C-8EDE-4D9A-8B92-D9D7085EC8BF}.Release|x64.ActiveCfg = Release|x64
		{F067CB7C-8EDE-4D9A-8B92-D9D7085EC8BF}.Release|x64.Build.0 = Release|x64
	EndGlobalSection
	GlobalSection(SolutionProperties) = preSolution
		HideSolutionNode = FALSE
	EndGlobalSection
EndGlobal
